
Microsoft Visual Studio Solution File, Format Version 12.00
# Visual Studio 14
VisualStudioVersion = 14.0.25123.0
MinimumVisualStudioVersion = 10.0.40219.1
Project("{FAE04EC0-301F-11D3-BF4B-00C04F79EFBC}") = "programa1", "programa1\programa1.csproj", "{FA4F288D-5358-45E1-85A0-FE675EF35EE4}"
EndProject
Project("{FAE04EC0-301F-11D3-BF4B-00C04F79EFBC}") = "ABM_Mozos", "ABM_Mozos\ABM_Mozos.csproj", "{DAD2D295-8A9E-4630-93A4-99CB4B4BC1A5}"
EndProject
Project("{FAE04EC0-301F-11D3-BF4B-00C04F79EFBC}") = "ABM_Productos", "ABM_Productos\ABM_Productos.csproj", "{C65BD044-A475-4916-A8BA-2E332522593D}"
EndProject
Project("{FAE04EC0-301F-11D3-BF4B-00C04F79EFBC}") = "ABM_Mesas", "ABM_Mesas\ABM_Mesas.csproj", "{91C659A2-CA8B-44F6-8002-F62646CD1F04}"
EndProject
Project("{FAE04EC0-301F-11D3-BF4B-00C04F79EFBC}") = "Comandas", "Comandas\Comandas.csproj", "{0649CB85-EF22-441B-B3F3-F7E4EB06C19F}"
EndProject
Global
	GlobalSection(SolutionConfigurationPlatforms) = preSolution
		Debug|Any CPU = Debug|Any CPU
		Release|Any CPU = Release|Any CPU
	EndGlobalSection
	GlobalSection(ProjectConfigurationPlatforms) = postSolution
		{FA4F288D-5358-45E1-85A0-FE675EF35EE4}.Debug|Any CPU.ActiveCfg = Debug|Any CPU
		{FA4F288D-5358-45E1-85A0-FE675EF35EE4}.Debug|Any CPU.Build.0 = Debug|Any CPU
		{FA4F288D-5358-45E1-85A0-FE675EF35EE4}.Release|Any CPU.ActiveCfg = Release|Any CPU
		{FA4F288D-5358-45E1-85A0-FE675EF35EE4}.Release|Any CPU.Build.0 = Release|Any CPU
		{DAD2D295-8A9E-4630-93A4-99CB4B4BC1A5}.Debug|Any CPU.ActiveCfg = Debug|Any CPU
		{DAD2D295-8A9E-4630-93A4-99CB4B4BC1A5}.Debug|Any CPU.Build.0 = Debug|Any CPU
		{DAD2D295-8A9E-4630-93A4-99CB4B4BC1A5}.Release|Any CPU.ActiveCfg = Release|Any CPU
		{DAD2D295-8A9E-4630-93A4-99CB4B4BC1A5}.Release|Any CPU.Build.0 = Release|Any CPU
		{C65BD044-A475-4916-A8BA-2E332522593D}.Debug|Any CPU.ActiveCfg = Debug|Any CPU
		{C65BD044-A475-4916-A8BA-2E332522593D}.Debug|Any CPU.Build.0 = Debug|Any CPU
		{C65BD044-A475-4916-A8BA-2E332522593D}.Release|Any CPU.ActiveCfg = Release|Any CPU
		{C65BD044-A475-4916-A8BA-2E332522593D}.Release|Any CPU.Build.0 = Release|Any CPU
		{91C659A2-CA8B-44F6-8002-F62646CD1F04}.Debug|Any CPU.ActiveCfg = Debug|Any CPU
		{91C659A2-CA8B-44F6-8002-F62646CD1F04}.Debug|Any CPU.Build.0 = Debug|Any CPU
		{91C659A2-CA8B-44F6-8002-F62646CD1F04}.Release|Any CPU.ActiveCfg = Release|Any CPU
		{91C659A2-CA8B-44F6-8002-F62646CD1F04}.Release|Any CPU.Build.0 = Release|Any CPU
		{0649CB85-EF22-441B-B3F3-F7E4EB06C19F}.Debug|Any CPU.ActiveCfg = Debug|Any CPU
		{0649CB85-EF22-441B-B3F3-F7E4EB06C19F}.Debug|Any CPU.Build.0 = Debug|Any CPU
		{0649CB85-EF22-441B-B3F3-F7E4EB06C19F}.Release|Any CPU.ActiveCfg = Release|Any CPU
		{0649CB85-EF22-441B-B3F3-F7E4EB06C19F}.Release|Any CPU.Build.0 = Release|Any CPU
	EndGlobalSection
	GlobalSection(SolutionProperties) = preSolution
		HideSolutionNode = FALSE
	EndGlobalSection
EndGlobal
